
Microsoft Visual Studio Solution File, Format Version 12.00
# Visual Studio 15
VisualStudioVersion = 15.0.26403.7
MinimumVisualStudioVersion = 10.0.40219.1
Project("{2150E333-8FDC-42A3-9474-1A3956D46DE8}") = "Solution Items", "Solution Items", "{D9F20AB2-4493-4B07-8CAD-16B5C5F008D8}"
	ProjectSection(SolutionItems) = preProject
		LICENSE.txt = LICENSE.txt
	EndProjectSection
EndProject
Project("{FAE04EC0-301F-11D3-BF4B-00C04F79EFBC}") = "ATZ.CollectionObservers", "ATZ.CollectionObservers\ATZ.CollectionObservers.csproj", "{A614BE2C-9696-41A2-B475-D287FEBC2D93}"
EndProject
Global
	GlobalSection(SolutionConfigurationPlatforms) = preSolution
		Debug|Any CPU = Debug|Any CPU
		Release|Any CPU = Release|Any CPU
	EndGlobalSection
	GlobalSection(ProjectConfigurationPlatforms) = postSolution
		{A614BE2C-9696-41A2-B475-D287FEBC2D93}.Debug|Any CPU.ActiveCfg = Debug|Any CPU
		{A614BE2C-9696-41A2-B475-D287FEBC2D93}.Debug|Any CPU.Build.0 = Debug|Any CPU
		{A614BE2C-9696-41A2-B475-D287FEBC2D93}.Release|Any CPU.ActiveCfg = Release|Any CPU
		{A614BE2C-9696-41A2-B475-D287FEBC2D93}.Release|Any CPU.Build.0 = Release|Any CPU
	EndGlobalSection
	GlobalSection(SolutionProperties) = preSolution
		HideSolutionNode = FALSE
	EndGlobalSection
EndGlobal
