
Microsoft Visual Studio Solution File, Format Version 12.00
# Visual Studio 15
VisualStudioVersion = 15.0.26403.7
MinimumVisualStudioVersion = 10.0.40219.1
Project("{2150E333-8FDC-42A3-9474-1A3956D46DE8}") = "Solution Items", "Solution Items", "{D9F20AB2-4493-4B07-8CAD-16B5C5F008D8}"
	ProjectSection(SolutionItems) = preProject
		AssemblyVersion.cs = AssemblyVersion.cs
		ATZ.CollectionObservers.xml = ATZ.CollectionObservers.xml
		LICENSE.txt = LICENSE.txt
	EndProjectSection
EndProject
Project("{FAE04EC0-301F-11D3-BF4B-00C04F79EFBC}") = "ATZ.CollectionObservers", "ATZ.CollectionObservers\ATZ.CollectionObservers.csproj", "{A614BE2C-9696-41A2-B475-D287FEBC2D93}"
EndProject
Project("{FAE04EC0-301F-11D3-BF4B-00C04F79EFBC}") = "ATZ.CollectionObservers.Tests", "ATZ.CollectionObservers.Tests\ATZ.CollectionObservers.Tests.csproj", "{03D66EE1-69B7-4CBC-9413-A4365E8F9ACD}"
EndProject
Global
	GlobalSection(SolutionConfigurationPlatforms) = preSolution
		DebugNET45|Any CPU = DebugNET45|Any CPU
		Release|Any CPU = Release|Any CPU
	EndGlobalSection
	GlobalSection(ProjectConfigurationPlatforms) = postSolution
		{A614BE2C-9696-41A2-B475-D287FEBC2D93}.DebugNET45|Any CPU.ActiveCfg = DebugNET45|Any CPU
		{A614BE2C-9696-41A2-B475-D287FEBC2D93}.DebugNET45|Any CPU.Build.0 = DebugNET45|Any CPU
		{A614BE2C-9696-41A2-B475-D287FEBC2D93}.Release|Any CPU.ActiveCfg = Release|Any CPU
		{A614BE2C-9696-41A2-B475-D287FEBC2D93}.Release|Any CPU.Build.0 = Release|Any CPU
		{03D66EE1-69B7-4CBC-9413-A4365E8F9ACD}.DebugNET45|Any CPU.ActiveCfg = DebugNET45|Any CPU
		{03D66EE1-69B7-4CBC-9413-A4365E8F9ACD}.DebugNET45|Any CPU.Build.0 = DebugNET45|Any CPU
		{03D66EE1-69B7-4CBC-9413-A4365E8F9ACD}.Release|Any CPU.ActiveCfg = Release|Any CPU
		{03D66EE1-69B7-4CBC-9413-A4365E8F9ACD}.Release|Any CPU.Build.0 = Release|Any CPU
	EndGlobalSection
	GlobalSection(SolutionProperties) = preSolution
		HideSolutionNode = FALSE
	EndGlobalSection
EndGlobal
